// !$*UTF8*$!
{
	archiveVersion = 1;
	classes = {
	};
	objectVersion = 55;
	objects = {

/* Begin PBXBuildFile section */
		603A2AEB288B26820037328F /* AppDelegate.swift in Sources */ = {isa = PBXBuildFile; fileRef = 603A2AEA288B26820037328F /* AppDelegate.swift */; };
		603A2AED288B26820037328F /* SceneDelegate.swift in Sources */ = {isa = PBXBuildFile; fileRef = 603A2AEC288B26820037328F /* SceneDelegate.swift */; };
		603A2AF2288B26820037328F /* Main.storyboard in Resources */ = {isa = PBXBuildFile; fileRef = 603A2AF0288B26820037328F /* Main.storyboard */; };
		603A2AF5288B26820037328F /* JobLab.xcdatamodeld in Sources */ = {isa = PBXBuildFile; fileRef = 603A2AF3288B26820037328F /* JobLab.xcdatamodeld */; };
		603A2AF7288B26830037328F /* Assets.xcassets in Resources */ = {isa = PBXBuildFile; fileRef = 603A2AF6288B26830037328F /* Assets.xcassets */; };
		603A2AFA288B26830037328F /* LaunchScreen.storyboard in Resources */ = {isa = PBXBuildFile; fileRef = 603A2AF8288B26830037328F /* LaunchScreen.storyboard */; };
		603A2B05288B26830037328F /* JobLabTests.swift in Sources */ = {isa = PBXBuildFile; fileRef = 603A2B04288B26830037328F /* JobLabTests.swift */; };
		603A2B0F288B26830037328F /* JobLabUITests.swift in Sources */ = {isa = PBXBuildFile; fileRef = 603A2B0E288B26830037328F /* JobLabUITests.swift */; };
		603A2B11288B26830037328F /* JobLabUITestsLaunchTests.swift in Sources */ = {isa = PBXBuildFile; fileRef = 603A2B10288B26830037328F /* JobLabUITestsLaunchTests.swift */; };
		603A2B1E288B27230037328F /* WelcomePageViewController.swift in Sources */ = {isa = PBXBuildFile; fileRef = 603A2B1D288B27230037328F /* WelcomePageViewController.swift */; };
		603A2B23288B324D0037328F /* WelcomeCollectionViewCell.swift in Sources */ = {isa = PBXBuildFile; fileRef = 603A2B22288B324D0037328F /* WelcomeCollectionViewCell.swift */; };
		603A2B25288C07090037328F /* AddTitleToWelcomePageExtension.swift in Sources */ = {isa = PBXBuildFile; fileRef = 603A2B24288C07090037328F /* AddTitleToWelcomePageExtension.swift */; };
		603A2B27288C12890037328F /* AddCollectionViewExtension.swift in Sources */ = {isa = PBXBuildFile; fileRef = 603A2B26288C12890037328F /* AddCollectionViewExtension.swift */; };
		603A2B29288C526C0037328F /* WelcomeModel.swift in Sources */ = {isa = PBXBuildFile; fileRef = 603A2B28288C526C0037328F /* WelcomeModel.swift */; };
		603A2B2B288C5A900037328F /* AddButtontoWelcomePageExtension.swift in Sources */ = {isa = PBXBuildFile; fileRef = 603A2B2A288C5A900037328F /* AddButtontoWelcomePageExtension.swift */; };
		603A2B2D288D329B0037328F /* CollectionView Extensions.swift in Sources */ = {isa = PBXBuildFile; fileRef = 603A2B2C288D329B0037328F /* CollectionView Extensions.swift */; };
		603A2B2F288D32BA0037328F /* CollectionViewCell Extensions.swift in Sources */ = {isa = PBXBuildFile; fileRef = 603A2B2E288D32BA0037328F /* CollectionViewCell Extensions.swift */; };
		603A2B31288D32C70037328F /* TableView extensions.swift in Sources */ = {isa = PBXBuildFile; fileRef = 603A2B30288D32C70037328F /* TableView extensions.swift */; };
		603A2B33288D32D00037328F /* TableViewCellExtensions.swift in Sources */ = {isa = PBXBuildFile; fileRef = 603A2B32288D32D00037328F /* TableViewCellExtensions.swift */; };
		603A2B3C288D95070037328F /* PageControllConfiguration.swift in Sources */ = {isa = PBXBuildFile; fileRef = 603A2B3B288D95070037328F /* PageControllConfiguration.swift */; };
		603A2B42289464520037328F /* AuthorizationViewController.swift in Sources */ = {isa = PBXBuildFile; fileRef = 603A2B41289464520037328F /* AuthorizationViewController.swift */; };
/* End PBXBuildFile section */

/* Begin PBXContainerItemProxy section */
		603A2B01288B26830037328F /* PBXContainerItemProxy */ = {
			isa = PBXContainerItemProxy;
			containerPortal = 603A2ADF288B26820037328F /* Project object */;
			proxyType = 1;
			remoteGlobalIDString = 603A2AE6288B26820037328F;
			remoteInfo = JobLab;
		};
		603A2B0B288B26830037328F /* PBXContainerItemProxy */ = {
			isa = PBXContainerItemProxy;
			containerPortal = 603A2ADF288B26820037328F /* Project object */;
			proxyType = 1;
			remoteGlobalIDString = 603A2AE6288B26820037328F;
			remoteInfo = JobLab;
		};
/* End PBXContainerItemProxy section */

/* Begin PBXFileReference section */
		603A2AE7288B26820037328F /* JobLab.app */ = {isa = PBXFileReference; explicitFileType = wrapper.application; includeInIndex = 0; path = JobLab.app; sourceTree = BUILT_PRODUCTS_DIR; };
		603A2AEA288B26820037328F /* AppDelegate.swift */ = {isa = PBXFileReference; lastKnownFileType = sourcecode.swift; path = AppDelegate.swift; sourceTree = "<group>"; };
		603A2AEC288B26820037328F /* SceneDelegate.swift */ = {isa = PBXFileReference; lastKnownFileType = sourcecode.swift; path = SceneDelegate.swift; sourceTree = "<group>"; };
		603A2AF1288B26820037328F /* Base */ = {isa = PBXFileReference; lastKnownFileType = file.storyboard; name = Base; path = Base.lproj/Main.storyboard; sourceTree = "<group>"; };
		603A2AF4288B26820037328F /* JobLab.xcdatamodel */ = {isa = PBXFileReference; lastKnownFileType = wrapper.xcdatamodel; path = JobLab.xcdatamodel; sourceTree = "<group>"; };
		603A2AF6288B26830037328F /* Assets.xcassets */ = {isa = PBXFileReference; lastKnownFileType = folder.assetcatalog; path = Assets.xcassets; sourceTree = "<group>"; };
		603A2AF9288B26830037328F /* Base */ = {isa = PBXFileReference; lastKnownFileType = file.storyboard; name = Base; path = Base.lproj/LaunchScreen.storyboard; sourceTree = "<group>"; };
		603A2AFB288B26830037328F /* Info.plist */ = {isa = PBXFileReference; lastKnownFileType = text.plist.xml; path = Info.plist; sourceTree = "<group>"; };
		603A2B00288B26830037328F /* JobLabTests.xctest */ = {isa = PBXFileReference; explicitFileType = wrapper.cfbundle; includeInIndex = 0; path = JobLabTests.xctest; sourceTree = BUILT_PRODUCTS_DIR; };
		603A2B04288B26830037328F /* JobLabTests.swift */ = {isa = PBXFileReference; lastKnownFileType = sourcecode.swift; path = JobLabTests.swift; sourceTree = "<group>"; };
		603A2B0A288B26830037328F /* JobLabUITests.xctest */ = {isa = PBXFileReference; explicitFileType = wrapper.cfbundle; includeInIndex = 0; path = JobLabUITests.xctest; sourceTree = BUILT_PRODUCTS_DIR; };
		603A2B0E288B26830037328F /* JobLabUITests.swift */ = {isa = PBXFileReference; lastKnownFileType = sourcecode.swift; path = JobLabUITests.swift; sourceTree = "<group>"; };
		603A2B10288B26830037328F /* JobLabUITestsLaunchTests.swift */ = {isa = PBXFileReference; lastKnownFileType = sourcecode.swift; path = JobLabUITestsLaunchTests.swift; sourceTree = "<group>"; };
		603A2B1D288B27230037328F /* WelcomePageViewController.swift */ = {isa = PBXFileReference; lastKnownFileType = sourcecode.swift; path = WelcomePageViewController.swift; sourceTree = "<group>"; };
		603A2B22288B324D0037328F /* WelcomeCollectionViewCell.swift */ = {isa = PBXFileReference; lastKnownFileType = sourcecode.swift; path = WelcomeCollectionViewCell.swift; sourceTree = "<group>"; };
		603A2B24288C07090037328F /* AddTitleToWelcomePageExtension.swift */ = {isa = PBXFileReference; lastKnownFileType = sourcecode.swift; path = AddTitleToWelcomePageExtension.swift; sourceTree = "<group>"; };
		603A2B26288C12890037328F /* AddCollectionViewExtension.swift */ = {isa = PBXFileReference; lastKnownFileType = sourcecode.swift; path = AddCollectionViewExtension.swift; sourceTree = "<group>"; };
		603A2B28288C526C0037328F /* WelcomeModel.swift */ = {isa = PBXFileReference; lastKnownFileType = sourcecode.swift; path = WelcomeModel.swift; sourceTree = "<group>"; };
		603A2B2A288C5A900037328F /* AddButtontoWelcomePageExtension.swift */ = {isa = PBXFileReference; lastKnownFileType = sourcecode.swift; path = AddButtontoWelcomePageExtension.swift; sourceTree = "<group>"; };
		603A2B2C288D329B0037328F /* CollectionView Extensions.swift */ = {isa = PBXFileReference; fileEncoding = 4; lastKnownFileType = sourcecode.swift; path = "CollectionView Extensions.swift"; sourceTree = "<group>"; };
		603A2B2E288D32BA0037328F /* CollectionViewCell Extensions.swift */ = {isa = PBXFileReference; fileEncoding = 4; lastKnownFileType = sourcecode.swift; path = "CollectionViewCell Extensions.swift"; sourceTree = "<group>"; };
		603A2B30288D32C70037328F /* TableView extensions.swift */ = {isa = PBXFileReference; fileEncoding = 4; lastKnownFileType = sourcecode.swift; path = "TableView extensions.swift"; sourceTree = "<group>"; };
		603A2B32288D32D00037328F /* TableViewCellExtensions.swift */ = {isa = PBXFileReference; fileEncoding = 4; lastKnownFileType = sourcecode.swift; path = TableViewCellExtensions.swift; sourceTree = "<group>"; };
		603A2B3B288D95070037328F /* PageControllConfiguration.swift */ = {isa = PBXFileReference; lastKnownFileType = sourcecode.swift; path = PageControllConfiguration.swift; sourceTree = "<group>"; };
		603A2B41289464520037328F /* AuthorizationViewController.swift */ = {isa = PBXFileReference; lastKnownFileType = sourcecode.swift; path = AuthorizationViewController.swift; sourceTree = "<group>"; };
/* End PBXFileReference section */

/* Begin PBXFrameworksBuildPhase section */
		603A2AE4288B26820037328F /* Frameworks */ = {
			isa = PBXFrameworksBuildPhase;
			buildActionMask = 2147483647;
			files = (
			);
			runOnlyForDeploymentPostprocessing = 0;
		};
		603A2AFD288B26830037328F /* Frameworks */ = {
			isa = PBXFrameworksBuildPhase;
			buildActionMask = 2147483647;
			files = (
			);
			runOnlyForDeploymentPostprocessing = 0;
		};
		603A2B07288B26830037328F /* Frameworks */ = {
			isa = PBXFrameworksBuildPhase;
			buildActionMask = 2147483647;
			files = (
			);
			runOnlyForDeploymentPostprocessing = 0;
		};
/* End PBXFrameworksBuildPhase section */

/* Begin PBXGroup section */
		603A2ADE288B26820037328F = {
			isa = PBXGroup;
			children = (
				603A2AE9288B26820037328F /* JobLab */,
				603A2B03288B26830037328F /* JobLabTests */,
				603A2B0D288B26830037328F /* JobLabUITests */,
				603A2AE8288B26820037328F /* Products */,
			);
			sourceTree = "<group>";
		};
		603A2AE8288B26820037328F /* Products */ = {
			isa = PBXGroup;
			children = (
				603A2AE7288B26820037328F /* JobLab.app */,
				603A2B00288B26830037328F /* JobLabTests.xctest */,
				603A2B0A288B26830037328F /* JobLabUITests.xctest */,
			);
			name = Products;
			sourceTree = "<group>";
		};
		603A2AE9288B26820037328F /* JobLab */ = {
			isa = PBXGroup;
			children = (
				603A2B20288B27A30037328F /* SupportingFiles */,
				603A2B34288D84990037328F /* Extensions */,
				603A2B3D28943BD40037328F /* Scenes */,
				603A2AF6288B26830037328F /* Assets.xcassets */,
				603A2AF0288B26820037328F /* Main.storyboard */,
				603A2AF8288B26830037328F /* LaunchScreen.storyboard */,
				603A2AFB288B26830037328F /* Info.plist */,
				603A2AF3288B26820037328F /* JobLab.xcdatamodeld */,
			);
			path = JobLab;
			sourceTree = "<group>";
		};
		603A2B03288B26830037328F /* JobLabTests */ = {
			isa = PBXGroup;
			children = (
				603A2B04288B26830037328F /* JobLabTests.swift */,
			);
			path = JobLabTests;
			sourceTree = "<group>";
		};
		603A2B0D288B26830037328F /* JobLabUITests */ = {
			isa = PBXGroup;
			children = (
				603A2B0E288B26830037328F /* JobLabUITests.swift */,
				603A2B10288B26830037328F /* JobLabUITestsLaunchTests.swift */,
			);
			path = JobLabUITests;
			sourceTree = "<group>";
		};
		603A2B1F288B27910037328F /* WelcomePage */ = {
			isa = PBXGroup;
			children = (
				603A2B39288D944B0037328F /* CollectionView */,
				603A2B38288D92CE0037328F /* LabelOnWelcomePageAsTitle */,
				603A2B37288D92B00037328F /* NextPageButton */,
				603A2B36288D92740037328F /* ControlPage */,
				603A2B1D288B27230037328F /* WelcomePageViewController.swift */,
			);
			path = WelcomePage;
			sourceTree = "<group>";
		};
		603A2B20288B27A30037328F /* SupportingFiles */ = {
			isa = PBXGroup;
			children = (
				603A2AEA288B26820037328F /* AppDelegate.swift */,
				603A2AEC288B26820037328F /* SceneDelegate.swift */,
			);
			path = SupportingFiles;
			sourceTree = "<group>";
		};
		603A2B21288B30690037328F /* CollectionViewCell */ = {
			isa = PBXGroup;
			children = (
				603A2B22288B324D0037328F /* WelcomeCollectionViewCell.swift */,
			);
			path = CollectionViewCell;
			sourceTree = "<group>";
		};
		603A2B34288D84990037328F /* Extensions */ = {
			isa = PBXGroup;
			children = (
				603A2B35288D84AD0037328F /* Collection_Table_Extenshions */,
			);
			path = Extensions;
			sourceTree = "<group>";
		};
		603A2B35288D84AD0037328F /* Collection_Table_Extenshions */ = {
			isa = PBXGroup;
			children = (
				603A2B2C288D329B0037328F /* CollectionView Extensions.swift */,
				603A2B2E288D32BA0037328F /* CollectionViewCell Extensions.swift */,
				603A2B30288D32C70037328F /* TableView extensions.swift */,
				603A2B32288D32D00037328F /* TableViewCellExtensions.swift */,
			);
			path = Collection_Table_Extenshions;
			sourceTree = "<group>";
		};
		603A2B36288D92740037328F /* ControlPage */ = {
			isa = PBXGroup;
			children = (
				603A2B3B288D95070037328F /* PageControllConfiguration.swift */,
			);
			path = ControlPage;
			sourceTree = "<group>";
		};
		603A2B37288D92B00037328F /* NextPageButton */ = {
			isa = PBXGroup;
			children = (
				603A2B2A288C5A900037328F /* AddButtontoWelcomePageExtension.swift */,
			);
			path = NextPageButton;
			sourceTree = "<group>";
		};
		603A2B38288D92CE0037328F /* LabelOnWelcomePageAsTitle */ = {
			isa = PBXGroup;
			children = (
				603A2B24288C07090037328F /* AddTitleToWelcomePageExtension.swift */,
			);
			path = LabelOnWelcomePageAsTitle;
			sourceTree = "<group>";
		};
		603A2B39288D944B0037328F /* CollectionView */ = {
			isa = PBXGroup;
			children = (
				603A2B3A288D946B0037328F /* Model */,
				603A2B26288C12890037328F /* AddCollectionViewExtension.swift */,
				603A2B21288B30690037328F /* CollectionViewCell */,
			);
			path = CollectionView;
			sourceTree = "<group>";
		};
		603A2B3A288D946B0037328F /* Model */ = {
			isa = PBXGroup;
			children = (
				603A2B28288C526C0037328F /* WelcomeModel.swift */,
			);
			path = Model;
			sourceTree = "<group>";
		};
		603A2B3D28943BD40037328F /* Scenes */ = {
			isa = PBXGroup;
			children = (
				603A2B3E289463360037328F /* Registration */,
				603A2B1F288B27910037328F /* WelcomePage */,
			);
			path = Scenes;
			sourceTree = "<group>";
		};
		603A2B3E289463360037328F /* Registration */ = {
			isa = PBXGroup;
			children = (
				603A2B40289463570037328F /* SignUp */,
				603A2B3F2894634D0037328F /* SignIn */,
				603A2B41289464520037328F /* AuthorizationViewController.swift */,
			);
			path = Registration;
			sourceTree = "<group>";
		};
		603A2B3F2894634D0037328F /* SignIn */ = {
			isa = PBXGroup;
			children = (
			);
			path = SignIn;
			sourceTree = "<group>";
		};
		603A2B40289463570037328F /* SignUp */ = {
			isa = PBXGroup;
			children = (
			);
			path = SignUp;
			sourceTree = "<group>";
		};
/* End PBXGroup section */

/* Begin PBXNativeTarget section */
		603A2AE6288B26820037328F /* JobLab */ = {
			isa = PBXNativeTarget;
			buildConfigurationList = 603A2B14288B26830037328F /* Build configuration list for PBXNativeTarget "JobLab" */;
			buildPhases = (
				603A2AE3288B26820037328F /* Sources */,
				603A2AE4288B26820037328F /* Frameworks */,
				603A2AE5288B26820037328F /* Resources */,
			);
			buildRules = (
			);
			dependencies = (
			);
			name = JobLab;
			productName = JobLab;
			productReference = 603A2AE7288B26820037328F /* JobLab.app */;
			productType = "com.apple.product-type.application";
		};
		603A2AFF288B26830037328F /* JobLabTests */ = {
			isa = PBXNativeTarget;
			buildConfigurationList = 603A2B17288B26830037328F /* Build configuration list for PBXNativeTarget "JobLabTests" */;
			buildPhases = (
				603A2AFC288B26830037328F /* Sources */,
				603A2AFD288B26830037328F /* Frameworks */,
				603A2AFE288B26830037328F /* Resources */,
			);
			buildRules = (
			);
			dependencies = (
				603A2B02288B26830037328F /* PBXTargetDependency */,
			);
			name = JobLabTests;
			productName = JobLabTests;
			productReference = 603A2B00288B26830037328F /* JobLabTests.xctest */;
			productType = "com.apple.product-type.bundle.unit-test";
		};
		603A2B09288B26830037328F /* JobLabUITests */ = {
			isa = PBXNativeTarget;
			buildConfigurationList = 603A2B1A288B26830037328F /* Build configuration list for PBXNativeTarget "JobLabUITests" */;
			buildPhases = (
				603A2B06288B26830037328F /* Sources */,
				603A2B07288B26830037328F /* Frameworks */,
				603A2B08288B26830037328F /* Resources */,
			);
			buildRules = (
			);
			dependencies = (
				603A2B0C288B26830037328F /* PBXTargetDependency */,
			);
			name = JobLabUITests;
			productName = JobLabUITests;
			productReference = 603A2B0A288B26830037328F /* JobLabUITests.xctest */;
			productType = "com.apple.product-type.bundle.ui-testing";
		};
/* End PBXNativeTarget section */

/* Begin PBXProject section */
		603A2ADF288B26820037328F /* Project object */ = {
			isa = PBXProject;
			attributes = {
				BuildIndependentTargetsInParallel = 1;
				LastSwiftUpdateCheck = 1320;
				LastUpgradeCheck = 1320;
				TargetAttributes = {
					603A2AE6288B26820037328F = {
						CreatedOnToolsVersion = 13.2.1;
					};
					603A2AFF288B26830037328F = {
						CreatedOnToolsVersion = 13.2.1;
						TestTargetID = 603A2AE6288B26820037328F;
					};
					603A2B09288B26830037328F = {
						CreatedOnToolsVersion = 13.2.1;
						TestTargetID = 603A2AE6288B26820037328F;
					};
				};
			};
			buildConfigurationList = 603A2AE2288B26820037328F /* Build configuration list for PBXProject "JobLab" */;
			compatibilityVersion = "Xcode 13.0";
			developmentRegion = en;
			hasScannedForEncodings = 0;
			knownRegions = (
				en,
				Base,
			);
			mainGroup = 603A2ADE288B26820037328F;
			productRefGroup = 603A2AE8288B26820037328F /* Products */;
			projectDirPath = "";
			projectRoot = "";
			targets = (
				603A2AE6288B26820037328F /* JobLab */,
				603A2AFF288B26830037328F /* JobLabTests */,
				603A2B09288B26830037328F /* JobLabUITests */,
			);
		};
/* End PBXProject section */

/* Begin PBXResourcesBuildPhase section */
		603A2AE5288B26820037328F /* Resources */ = {
			isa = PBXResourcesBuildPhase;
			buildActionMask = 2147483647;
			files = (
				603A2AFA288B26830037328F /* LaunchScreen.storyboard in Resources */,
				603A2AF7288B26830037328F /* Assets.xcassets in Resources */,
				603A2AF2288B26820037328F /* Main.storyboard in Resources */,
			);
			runOnlyForDeploymentPostprocessing = 0;
		};
		603A2AFE288B26830037328F /* Resources */ = {
			isa = PBXResourcesBuildPhase;
			buildActionMask = 2147483647;
			files = (
			);
			runOnlyForDeploymentPostprocessing = 0;
		};
		603A2B08288B26830037328F /* Resources */ = {
			isa = PBXResourcesBuildPhase;
			buildActionMask = 2147483647;
			files = (
			);
			runOnlyForDeploymentPostprocessing = 0;
		};
/* End PBXResourcesBuildPhase section */

/* Begin PBXSourcesBuildPhase section */
		603A2AE3288B26820037328F /* Sources */ = {
			isa = PBXSourcesBuildPhase;
			buildActionMask = 2147483647;
			files = (
				603A2B23288B324D0037328F /* WelcomeCollectionViewCell.swift in Sources */,
				603A2AF5288B26820037328F /* JobLab.xcdatamodeld in Sources */,
				603A2B3C288D95070037328F /* PageControllConfiguration.swift in Sources */,
				603A2B42289464520037328F /* AuthorizationViewController.swift in Sources */,
				603A2B29288C526C0037328F /* WelcomeModel.swift in Sources */,
				603A2AEB288B26820037328F /* AppDelegate.swift in Sources */,
				603A2B31288D32C70037328F /* TableView extensions.swift in Sources */,
				603A2B27288C12890037328F /* AddCollectionViewExtension.swift in Sources */,
				603A2B2D288D329B0037328F /* CollectionView Extensions.swift in Sources */,
				603A2B33288D32D00037328F /* TableViewCellExtensions.swift in Sources */,
				603A2AED288B26820037328F /* SceneDelegate.swift in Sources */,
				603A2B2B288C5A900037328F /* AddButtontoWelcomePageExtension.swift in Sources */,
				603A2B2F288D32BA0037328F /* CollectionViewCell Extensions.swift in Sources */,
				603A2B1E288B27230037328F /* WelcomePageViewController.swift in Sources */,
				603A2B25288C07090037328F /* AddTitleToWelcomePageExtension.swift in Sources */,
			);
			runOnlyForDeploymentPostprocessing = 0;
		};
		603A2AFC288B26830037328F /* Sources */ = {
			isa = PBXSourcesBuildPhase;
			buildActionMask = 2147483647;
			files = (
				603A2B05288B26830037328F /* JobLabTests.swift in Sources */,
			);
			runOnlyForDeploymentPostprocessing = 0;
		};
		603A2B06288B26830037328F /* Sources */ = {
			isa = PBXSourcesBuildPhase;
			buildActionMask = 2147483647;
			files = (
				603A2B11288B26830037328F /* JobLabUITestsLaunchTests.swift in Sources */,
				603A2B0F288B26830037328F /* JobLabUITests.swift in Sources */,
			);
			runOnlyForDeploymentPostprocessing = 0;
		};
/* End PBXSourcesBuildPhase section */

/* Begin PBXTargetDependency section */
		603A2B02288B26830037328F /* PBXTargetDependency */ = {
			isa = PBXTargetDependency;
			target = 603A2AE6288B26820037328F /* JobLab */;
			targetProxy = 603A2B01288B26830037328F /* PBXContainerItemProxy */;
		};
		603A2B0C288B26830037328F /* PBXTargetDependency */ = {
			isa = PBXTargetDependency;
			target = 603A2AE6288B26820037328F /* JobLab */;
			targetProxy = 603A2B0B288B26830037328F /* PBXContainerItemProxy */;
		};
/* End PBXTargetDependency section */

/* Begin PBXVariantGroup section */
		603A2AF0288B26820037328F /* Main.storyboard */ = {
			isa = PBXVariantGroup;
			children = (
				603A2AF1288B26820037328F /* Base */,
			);
			name = Main.storyboard;
			sourceTree = "<group>";
		};
		603A2AF8288B26830037328F /* LaunchScreen.storyboard */ = {
			isa = PBXVariantGroup;
			children = (
				603A2AF9288B26830037328F /* Base */,
			);
			name = LaunchScreen.storyboard;
			sourceTree = "<group>";
		};
/* End PBXVariantGroup section */

/* Begin XCBuildConfiguration section */
		603A2B12288B26830037328F /* Debug */ = {
			isa = XCBuildConfiguration;
			buildSettings = {
				ALWAYS_SEARCH_USER_PATHS = NO;
				CLANG_ANALYZER_NONNULL = YES;
				CLANG_ANALYZER_NUMBER_OBJECT_CONVERSION = YES_AGGRESSIVE;
				CLANG_CXX_LANGUAGE_STANDARD = "gnu++17";
				CLANG_CXX_LIBRARY = "libc++";
				CLANG_ENABLE_MODULES = YES;
				CLANG_ENABLE_OBJC_ARC = YES;
				CLANG_ENABLE_OBJC_WEAK = YES;
				CLANG_WARN_BLOCK_CAPTURE_AUTORELEASING = YES;
				CLANG_WARN_BOOL_CONVERSION = YES;
				CLANG_WARN_COMMA = YES;
				CLANG_WARN_CONSTANT_CONVERSION = YES;
				CLANG_WARN_DEPRECATED_OBJC_IMPLEMENTATIONS = YES;
				CLANG_WARN_DIRECT_OBJC_ISA_USAGE = YES_ERROR;
				CLANG_WARN_DOCUMENTATION_COMMENTS = YES;
				CLANG_WARN_EMPTY_BODY = YES;
				CLANG_WARN_ENUM_CONVERSION = YES;
				CLANG_WARN_INFINITE_RECURSION = YES;
				CLANG_WARN_INT_CONVERSION = YES;
				CLANG_WARN_NON_LITERAL_NULL_CONVERSION = YES;
				CLANG_WARN_OBJC_IMPLICIT_RETAIN_SELF = YES;
				CLANG_WARN_OBJC_LITERAL_CONVERSION = YES;
				CLANG_WARN_OBJC_ROOT_CLASS = YES_ERROR;
				CLANG_WARN_QUOTED_INCLUDE_IN_FRAMEWORK_HEADER = YES;
				CLANG_WARN_RANGE_LOOP_ANALYSIS = YES;
				CLANG_WARN_STRICT_PROTOTYPES = YES;
				CLANG_WARN_SUSPICIOUS_MOVE = YES;
				CLANG_WARN_UNGUARDED_AVAILABILITY = YES_AGGRESSIVE;
				CLANG_WARN_UNREACHABLE_CODE = YES;
				CLANG_WARN__DUPLICATE_METHOD_MATCH = YES;
				COPY_PHASE_STRIP = NO;
				DEBUG_INFORMATION_FORMAT = dwarf;
				ENABLE_STRICT_OBJC_MSGSEND = YES;
				ENABLE_TESTABILITY = YES;
				GCC_C_LANGUAGE_STANDARD = gnu11;
				GCC_DYNAMIC_NO_PIC = NO;
				GCC_NO_COMMON_BLOCKS = YES;
				GCC_OPTIMIZATION_LEVEL = 0;
				GCC_PREPROCESSOR_DEFINITIONS = (
					"DEBUG=1",
					"$(inherited)",
				);
				GCC_WARN_64_TO_32_BIT_CONVERSION = YES;
				GCC_WARN_ABOUT_RETURN_TYPE = YES_ERROR;
				GCC_WARN_UNDECLARED_SELECTOR = YES;
				GCC_WARN_UNINITIALIZED_AUTOS = YES_AGGRESSIVE;
				GCC_WARN_UNUSED_FUNCTION = YES;
				GCC_WARN_UNUSED_VARIABLE = YES;
				IPHONEOS_DEPLOYMENT_TARGET = 15.2;
				MTL_ENABLE_DEBUG_INFO = INCLUDE_SOURCE;
				MTL_FAST_MATH = YES;
				ONLY_ACTIVE_ARCH = YES;
				SDKROOT = iphoneos;
				SWIFT_ACTIVE_COMPILATION_CONDITIONS = DEBUG;
				SWIFT_OPTIMIZATION_LEVEL = "-Onone";
			};
			name = Debug;
		};
		603A2B13288B26830037328F /* Release */ = {
			isa = XCBuildConfiguration;
			buildSettings = {
				ALWAYS_SEARCH_USER_PATHS = NO;
				CLANG_ANALYZER_NONNULL = YES;
				CLANG_ANALYZER_NUMBER_OBJECT_CONVERSION = YES_AGGRESSIVE;
				CLANG_CXX_LANGUAGE_STANDARD = "gnu++17";
				CLANG_CXX_LIBRARY = "libc++";
				CLANG_ENABLE_MODULES = YES;
				CLANG_ENABLE_OBJC_ARC = YES;
				CLANG_ENABLE_OBJC_WEAK = YES;
				CLANG_WARN_BLOCK_CAPTURE_AUTORELEASING = YES;
				CLANG_WARN_BOOL_CONVERSION = YES;
				CLANG_WARN_COMMA = YES;
				CLANG_WARN_CONSTANT_CONVERSION = YES;
				CLANG_WARN_DEPRECATED_OBJC_IMPLEMENTATIONS = YES;
				CLANG_WARN_DIRECT_OBJC_ISA_USAGE = YES_ERROR;
				CLANG_WARN_DOCUMENTATION_COMMENTS = YES;
				CLANG_WARN_EMPTY_BODY = YES;
				CLANG_WARN_ENUM_CONVERSION = YES;
				CLANG_WARN_INFINITE_RECURSION = YES;
				CLANG_WARN_INT_CONVERSION = YES;
				CLANG_WARN_NON_LITERAL_NULL_CONVERSION = YES;
				CLANG_WARN_OBJC_IMPLICIT_RETAIN_SELF = YES;
				CLANG_WARN_OBJC_LITERAL_CONVERSION = YES;
				CLANG_WARN_OBJC_ROOT_CLASS = YES_ERROR;
				CLANG_WARN_QUOTED_INCLUDE_IN_FRAMEWORK_HEADER = YES;
				CLANG_WARN_RANGE_LOOP_ANALYSIS = YES;
				CLANG_WARN_STRICT_PROTOTYPES = YES;
				CLANG_WARN_SUSPICIOUS_MOVE = YES;
				CLANG_WARN_UNGUARDED_AVAILABILITY = YES_AGGRESSIVE;
				CLANG_WARN_UNREACHABLE_CODE = YES;
				CLANG_WARN__DUPLICATE_METHOD_MATCH = YES;
				COPY_PHASE_STRIP = NO;
				DEBUG_INFORMATION_FORMAT = "dwarf-with-dsym";
				ENABLE_NS_ASSERTIONS = NO;
				ENABLE_STRICT_OBJC_MSGSEND = YES;
				GCC_C_LANGUAGE_STANDARD = gnu11;
				GCC_NO_COMMON_BLOCKS = YES;
				GCC_WARN_64_TO_32_BIT_CONVERSION = YES;
				GCC_WARN_ABOUT_RETURN_TYPE = YES_ERROR;
				GCC_WARN_UNDECLARED_SELECTOR = YES;
				GCC_WARN_UNINITIALIZED_AUTOS = YES_AGGRESSIVE;
				GCC_WARN_UNUSED_FUNCTION = YES;
				GCC_WARN_UNUSED_VARIABLE = YES;
				IPHONEOS_DEPLOYMENT_TARGET = 15.2;
				MTL_ENABLE_DEBUG_INFO = NO;
				MTL_FAST_MATH = YES;
				SDKROOT = iphoneos;
				SWIFT_COMPILATION_MODE = wholemodule;
				SWIFT_OPTIMIZATION_LEVEL = "-O";
				VALIDATE_PRODUCT = YES;
			};
			name = Release;
		};
		603A2B15288B26830037328F /* Debug */ = {
			isa = XCBuildConfiguration;
			buildSettings = {
				ASSETCATALOG_COMPILER_APPICON_NAME = AppIcon;
				ASSETCATALOG_COMPILER_GLOBAL_ACCENT_COLOR_NAME = AccentColor;
				CODE_SIGN_STYLE = Automatic;
				CURRENT_PROJECT_VERSION = 1;
				GENERATE_INFOPLIST_FILE = YES;
				INFOPLIST_FILE = JobLab/Info.plist;
				INFOPLIST_KEY_UIApplicationSupportsIndirectInputEvents = YES;
				INFOPLIST_KEY_UILaunchStoryboardName = LaunchScreen;
				INFOPLIST_KEY_UIMainStoryboardFile = Main;
				INFOPLIST_KEY_UISupportedInterfaceOrientations_iPad = "UIInterfaceOrientationPortrait UIInterfaceOrientationPortraitUpsideDown UIInterfaceOrientationLandscapeLeft UIInterfaceOrientationLandscapeRight";
				INFOPLIST_KEY_UISupportedInterfaceOrientations_iPhone = "UIInterfaceOrientationPortrait UIInterfaceOrientationLandscapeLeft UIInterfaceOrientationLandscapeRight";
				LD_RUNPATH_SEARCH_PATHS = (
					"$(inherited)",
					"@executable_path/Frameworks",
				);
				MARKETING_VERSION = 1.0;
				PRODUCT_BUNDLE_IDENTIFIER = NatiaLobzhanidze.JobLab;
				PRODUCT_NAME = "$(TARGET_NAME)";
				SWIFT_EMIT_LOC_STRINGS = YES;
				SWIFT_VERSION = 5.0;
				TARGETED_DEVICE_FAMILY = "1,2";
			};
			name = Debug;
		};
		603A2B16288B26830037328F /* Release */ = {
			isa = XCBuildConfiguration;
			buildSettings = {
				ASSETCATALOG_COMPILER_APPICON_NAME = AppIcon;
				ASSETCATALOG_COMPILER_GLOBAL_ACCENT_COLOR_NAME = AccentColor;
				CODE_SIGN_STYLE = Automatic;
				CURRENT_PROJECT_VERSION = 1;
				GENERATE_INFOPLIST_FILE = YES;
				INFOPLIST_FILE = JobLab/Info.plist;
				INFOPLIST_KEY_UIApplicationSupportsIndirectInputEvents = YES;
				INFOPLIST_KEY_UILaunchStoryboardName = LaunchScreen;
				INFOPLIST_KEY_UIMainStoryboardFile = Main;
				INFOPLIST_KEY_UISupportedInterfaceOrientations_iPad = "UIInterfaceOrientationPortrait UIInterfaceOrientationPortraitUpsideDown UIInterfaceOrientationLandscapeLeft UIInterfaceOrientationLandscapeRight";
				INFOPLIST_KEY_UISupportedInterfaceOrientations_iPhone = "UIInterfaceOrientationPortrait UIInterfaceOrientationLandscapeLeft UIInterfaceOrientationLandscapeRight";
				LD_RUNPATH_SEARCH_PATHS = (
					"$(inherited)",
					"@executable_path/Frameworks",
				);
				MARKETING_VERSION = 1.0;
				PRODUCT_BUNDLE_IDENTIFIER = NatiaLobzhanidze.JobLab;
				PRODUCT_NAME = "$(TARGET_NAME)";
				SWIFT_EMIT_LOC_STRINGS = YES;
				SWIFT_VERSION = 5.0;
				TARGETED_DEVICE_FAMILY = "1,2";
			};
			name = Release;
		};
		603A2B18288B26830037328F /* Debug */ = {
			isa = XCBuildConfiguration;
			buildSettings = {
				ALWAYS_EMBED_SWIFT_STANDARD_LIBRARIES = YES;
				BUNDLE_LOADER = "$(TEST_HOST)";
				CODE_SIGN_STYLE = Automatic;
				CURRENT_PROJECT_VERSION = 1;
				GENERATE_INFOPLIST_FILE = YES;
				IPHONEOS_DEPLOYMENT_TARGET = 15.2;
				MARKETING_VERSION = 1.0;
				PRODUCT_BUNDLE_IDENTIFIER = NatiaLobzhanidze.JobLabTests;
				PRODUCT_NAME = "$(TARGET_NAME)";
				SWIFT_EMIT_LOC_STRINGS = NO;
				SWIFT_VERSION = 5.0;
				TARGETED_DEVICE_FAMILY = "1,2";
				TEST_HOST = "$(BUILT_PRODUCTS_DIR)/JobLab.app/JobLab";
			};
			name = Debug;
		};
		603A2B19288B26830037328F /* Release */ = {
			isa = XCBuildConfiguration;
			buildSettings = {
				ALWAYS_EMBED_SWIFT_STANDARD_LIBRARIES = YES;
				BUNDLE_LOADER = "$(TEST_HOST)";
				CODE_SIGN_STYLE = Automatic;
				CURRENT_PROJECT_VERSION = 1;
				GENERATE_INFOPLIST_FILE = YES;
				IPHONEOS_DEPLOYMENT_TARGET = 15.2;
				MARKETING_VERSION = 1.0;
				PRODUCT_BUNDLE_IDENTIFIER = NatiaLobzhanidze.JobLabTests;
				PRODUCT_NAME = "$(TARGET_NAME)";
				SWIFT_EMIT_LOC_STRINGS = NO;
				SWIFT_VERSION = 5.0;
				TARGETED_DEVICE_FAMILY = "1,2";
				TEST_HOST = "$(BUILT_PRODUCTS_DIR)/JobLab.app/JobLab";
			};
			name = Release;
		};
		603A2B1B288B26830037328F /* Debug */ = {
			isa = XCBuildConfiguration;
			buildSettings = {
				ALWAYS_EMBED_SWIFT_STANDARD_LIBRARIES = YES;
				CODE_SIGN_STYLE = Automatic;
				CURRENT_PROJECT_VERSION = 1;
				GENERATE_INFOPLIST_FILE = YES;
				MARKETING_VERSION = 1.0;
				PRODUCT_BUNDLE_IDENTIFIER = NatiaLobzhanidze.JobLabUITests;
				PRODUCT_NAME = "$(TARGET_NAME)";
				SWIFT_EMIT_LOC_STRINGS = NO;
				SWIFT_VERSION = 5.0;
				TARGETED_DEVICE_FAMILY = "1,2";
				TEST_TARGET_NAME = JobLab;
			};
			name = Debug;
		};
		603A2B1C288B26830037328F /* Release */ = {
			isa = XCBuildConfiguration;
			buildSettings = {
				ALWAYS_EMBED_SWIFT_STANDARD_LIBRARIES = YES;
				CODE_SIGN_STYLE = Automatic;
				CURRENT_PROJECT_VERSION = 1;
				GENERATE_INFOPLIST_FILE = YES;
				MARKETING_VERSION = 1.0;
				PRODUCT_BUNDLE_IDENTIFIER = NatiaLobzhanidze.JobLabUITests;
				PRODUCT_NAME = "$(TARGET_NAME)";
				SWIFT_EMIT_LOC_STRINGS = NO;
				SWIFT_VERSION = 5.0;
				TARGETED_DEVICE_FAMILY = "1,2";
				TEST_TARGET_NAME = JobLab;
			};
			name = Release;
		};
/* End XCBuildConfiguration section */

/* Begin XCConfigurationList section */
		603A2AE2288B26820037328F /* Build configuration list for PBXProject "JobLab" */ = {
			isa = XCConfigurationList;
			buildConfigurations = (
				603A2B12288B26830037328F /* Debug */,
				603A2B13288B26830037328F /* Release */,
			);
			defaultConfigurationIsVisible = 0;
			defaultConfigurationName = Release;
		};
		603A2B14288B26830037328F /* Build configuration list for PBXNativeTarget "JobLab" */ = {
			isa = XCConfigurationList;
			buildConfigurations = (
				603A2B15288B26830037328F /* Debug */,
				603A2B16288B26830037328F /* Release */,
			);
			defaultConfigurationIsVisible = 0;
			defaultConfigurationName = Release;
		};
		603A2B17288B26830037328F /* Build configuration list for PBXNativeTarget "JobLabTests" */ = {
			isa = XCConfigurationList;
			buildConfigurations = (
				603A2B18288B26830037328F /* Debug */,
				603A2B19288B26830037328F /* Release */,
			);
			defaultConfigurationIsVisible = 0;
			defaultConfigurationName = Release;
		};
		603A2B1A288B26830037328F /* Build configuration list for PBXNativeTarget "JobLabUITests" */ = {
			isa = XCConfigurationList;
			buildConfigurations = (
				603A2B1B288B26830037328F /* Debug */,
				603A2B1C288B26830037328F /* Release */,
			);
			defaultConfigurationIsVisible = 0;
			defaultConfigurationName = Release;
		};
/* End XCConfigurationList section */

/* Begin XCVersionGroup section */
		603A2AF3288B26820037328F /* JobLab.xcdatamodeld */ = {
			isa = XCVersionGroup;
			children = (
				603A2AF4288B26820037328F /* JobLab.xcdatamodel */,
			);
			currentVersion = 603A2AF4288B26820037328F /* JobLab.xcdatamodel */;
			path = JobLab.xcdatamodeld;
			sourceTree = "<group>";
			versionGroupType = wrapper.xcdatamodel;
		};
/* End XCVersionGroup section */
	};
	rootObject = 603A2ADF288B26820037328F /* Project object */;
}
